// !$*UTF8*$!
{
	archiveVersion = 1;
	classes = {
	};
	objectVersion = 46;
	objects = {

/* Begin PBXBuildFile section */
		697EFF431534A16500C80000 /* Foundation.framework in Frameworks */ = {isa = PBXBuildFile; fileRef = 697EFF421534A16500C80000 /* Foundation.framework */; };
		697EFF461534A16600C80000 /* main.m in Sources */ = {isa = PBXBuildFile; fileRef = 697EFF451534A16600C80000 /* main.m */; };
		697EFF4A1534A16600C80000 /* ProjectEuler010.1 in CopyFiles */ = {isa = PBXBuildFile; fileRef = 697EFF491534A16600C80000 /* ProjectEuler010.1 */; };
/* End PBXBuildFile section */

/* Begin PBXCopyFilesBuildPhase section */
		697EFF3C1534A16500C80000 /* CopyFiles */ = {
			isa = PBXCopyFilesBuildPhase;
			buildActionMask = 2147483647;
			dstPath = /usr/share/man/man1/;
			dstSubfolderSpec = 0;
			files = (
				697EFF4A1534A16600C80000 /* ProjectEuler010.1 in CopyFiles */,
			);
			runOnlyForDeploymentPostprocessing = 1;
		};
/* End PBXCopyFilesBuildPhase section */

/* Begin PBXFileReference section */
		697EFF3E1534A16500C80000 /* ProjectEuler010 */ = {isa = PBXFileReference; explicitFileType = "compiled.mach-o.executable"; includeInIndex = 0; path = ProjectEuler010; sourceTree = BUILT_PRODUCTS_DIR; };
		697EFF421534A16500C80000 /* Foundation.framework */ = {isa = PBXFileReference; lastKnownFileType = wrapper.framework; name = Foundation.framework; path = System/Library/Frameworks/Foundation.framework; sourceTree = SDKROOT; };
		697EFF451534A16600C80000 /* main.m */ = {isa = PBXFileReference; lastKnownFileType = sourcecode.c.objc; path = main.m; sourceTree = "<group>"; };
		697EFF481534A16600C80000 /* ProjectEuler010-Prefix.pch */ = {isa = PBXFileReference; lastKnownFileType = sourcecode.c.h; path = "ProjectEuler010-Prefix.pch"; sourceTree = "<group>"; };
		697EFF491534A16600C80000 /* ProjectEuler010.1 */ = {isa = PBXFileReference; lastKnownFileType = text.man; path = ProjectEuler010.1; sourceTree = "<group>"; };
/* End PBXFileReference section */

/* Begin PBXFrameworksBuildPhase section */
		697EFF3B1534A16500C80000 /* Frameworks */ = {
			isa = PBXFrameworksBuildPhase;
			buildActionMask = 2147483647;
			files = (
				697EFF431534A16500C80000 /* Foundation.framework in Frameworks */,
			);
			runOnlyForDeploymentPostprocessing = 0;
		};
/* End PBXFrameworksBuildPhase section */

/* Begin PBXGroup section */
		697EFF331534A16500C80000 = {
			isa = PBXGroup;
			children = (
				697EFF441534A16600C80000 /* ProjectEuler010 */,
				697EFF411534A16500C80000 /* Frameworks */,
				697EFF3F1534A16500C80000 /* Products */,
			);
			sourceTree = "<group>";
		};
		697EFF3F1534A16500C80000 /* Products */ = {
			isa = PBXGroup;
			children = (
				697EFF3E1534A16500C80000 /* ProjectEuler010 */,
			);
			name = Products;
			sourceTree = "<group>";
		};
		697EFF411534A16500C80000 /* Frameworks */ = {
			isa = PBXGroup;
			children = (
				697EFF421534A16500C80000 /* Foundation.framework */,
			);
			name = Frameworks;
			sourceTree = "<group>";
		};
		697EFF441534A16600C80000 /* ProjectEuler010 */ = {
			isa = PBXGroup;
			children = (
				697EFF451534A16600C80000 /* main.m */,
				697EFF491534A16600C80000 /* ProjectEuler010.1 */,
				697EFF471534A16600C80000 /* Supporting Files */,
			);
			path = ProjectEuler010;
			sourceTree = "<group>";
		};
		697EFF471534A16600C80000 /* Supporting Files */ = {
			isa = PBXGroup;
			children = (
				697EFF481534A16600C80000 /* ProjectEuler010-Prefix.pch */,
			);
			name = "Supporting Files";
			sourceTree = "<group>";
		};
/* End PBXGroup section */

/* Begin PBXNativeTarget section */
		697EFF3D1534A16500C80000 /* ProjectEuler010 */ = {
			isa = PBXNativeTarget;
			buildConfigurationList = 697EFF4D1534A16600C80000 /* Build configuration list for PBXNativeTarget "ProjectEuler010" */;
			buildPhases = (
				697EFF3A1534A16500C80000 /* Sources */,
				697EFF3B1534A16500C80000 /* Frameworks */,
				697EFF3C1534A16500C80000 /* CopyFiles */,
			);
			buildRules = (
			);
			dependencies = (
			);
			name = ProjectEuler010;
			productName = ProjectEuler010;
			productReference = 697EFF3E1534A16500C80000 /* ProjectEuler010 */;
			productType = "com.apple.product-type.tool";
		};
/* End PBXNativeTarget section */

/* Begin PBXProject section */
		697EFF351534A16500C80000 /* Project object */ = {
			isa = PBXProject;
			attributes = {
				LastUpgradeCheck = 0420;
			};
			buildConfigurationList = 697EFF381534A16500C80000 /* Build configuration list for PBXProject "ProjectEuler010" */;
			compatibilityVersion = "Xcode 3.2";
			developmentRegion = English;
			hasScannedForEncodings = 0;
			knownRegions = (
				en,
			);
			mainGroup = 697EFF331534A16500C80000;
			productRefGroup = 697EFF3F1534A16500C80000 /* Products */;
			projectDirPath = "";
			projectRoot = "";
			targets = (
				697EFF3D1534A16500C80000 /* ProjectEuler010 */,
			);
		};
/* End PBXProject section */

/* Begin PBXSourcesBuildPhase section */
		697EFF3A1534A16500C80000 /* Sources */ = {
			isa = PBXSourcesBuildPhase;
			buildActionMask = 2147483647;
			files = (
				697EFF461534A16600C80000 /* main.m in Sources */,
			);
			runOnlyForDeploymentPostprocessing = 0;
		};
/* End PBXSourcesBuildPhase section */

/* Begin XCBuildConfiguration section */
		697EFF4B1534A16600C80000 /* Debug */ = {
			isa = XCBuildConfiguration;
			buildSettings = {
				ALWAYS_SEARCH_USER_PATHS = NO;
				ARCHS = "$(ARCHS_STANDARD_64_BIT)";
				COPY_PHASE_STRIP = NO;
				GCC_C_LANGUAGE_STANDARD = gnu99;
				GCC_DYNAMIC_NO_PIC = NO;
				GCC_ENABLE_OBJC_EXCEPTIONS = YES;
				GCC_OPTIMIZATION_LEVEL = 0;
				GCC_PREPROCESSOR_DEFINITIONS = (
					"DEBUG=1",
					"$(inherited)",
				);
				GCC_SYMBOLS_PRIVATE_EXTERN = NO;
				GCC_VERSION = com.apple.compilers.llvm.clang.1_0;
				GCC_WARN_64_TO_32_BIT_CONVERSION = YES;
				GCC_WARN_ABOUT_MISSING_PROTOTYPES = YES;
				GCC_WARN_ABOUT_RETURN_TYPE = YES;
				GCC_WARN_UNUSED_VARIABLE = YES;
				MACOSX_DEPLOYMENT_TARGET = 10.7;
				ONLY_ACTIVE_ARCH = YES;
				SDKROOT = macosx;
			};
			name = Debug;
		};
		697EFF4C1534A16600C80000 /* Release */ = {
			isa = XCBuildConfiguration;
			buildSettings = {
				ALWAYS_SEARCH_USER_PATHS = NO;
				ARCHS = "$(ARCHS_STANDARD_64_BIT)";
				COPY_PHASE_STRIP = YES;
				DEBUG_INFORMATION_FORMAT = "dwarf-with-dsym";
				GCC_C_LANGUAGE_STANDARD = gnu99;
				GCC_ENABLE_OBJC_EXCEPTIONS = YES;
				GCC_VERSION = com.apple.compilers.llvm.clang.1_0;
				GCC_WARN_64_TO_32_BIT_CONVERSION = YES;
				GCC_WARN_ABOUT_MISSING_PROTOTYPES = YES;
				GCC_WARN_ABOUT_RETURN_TYPE = YES;
				GCC_WARN_UNUSED_VARIABLE = YES;
				MACOSX_DEPLOYMENT_TARGET = 10.7;
				SDKROOT = macosx;
			};
			name = Release;
		};
		697EFF4E1534A16600C80000 /* Debug */ = {
			isa = XCBuildConfiguration;
			buildSettings = {
				GCC_PRECOMPILE_PREFIX_HEADER = YES;
				GCC_PREFIX_HEADER = "ProjectEuler010/ProjectEuler010-Prefix.pch";
				PRODUCT_NAME = "$(TARGET_NAME)";
			};
			name = Debug;
		};
		697EFF4F1534A16600C80000 /* Release */ = {
			isa = XCBuildConfiguration;
			buildSettings = {
				GCC_PRECOMPILE_PREFIX_HEADER = YES;
				GCC_PREFIX_HEADER = "ProjectEuler010/ProjectEuler010-Prefix.pch";
				PRODUCT_NAME = "$(TARGET_NAME)";
			};
			name = Release;
		};
/* End XCBuildConfiguration section */

/* Begin XCConfigurationList section */
		697EFF381534A16500C80000 /* Build configuration list for PBXProject "ProjectEuler010" */ = {
			isa = XCConfigurationList;
			buildConfigurations = (
				697EFF4B1534A16600C80000 /* Debug */,
				697EFF4C1534A16600C80000 /* Release */,
			);
			defaultConfigurationIsVisible = 0;
			defaultConfigurationName = Release;
		};
		697EFF4D1534A16600C80000 /* Build configuration list for PBXNativeTarget "ProjectEuler010" */ = {
			isa = XCConfigurationList;
			buildConfigurations = (
				697EFF4E1534A16600C80000 /* Debug */,
				697EFF4F1534A16600C80000 /* Release */,
			);
			defaultConfigurationIsVisible = 0;
		};
/* End XCConfigurationList section */
	};
	rootObject = 697EFF351534A16500C80000 /* Project object */;
}
