// !$*UTF8*$!
{
	archiveVersion = 1;
	classes = {
	};
	objectVersion = 46;
	objects = {

/* Begin PBXBuildFile section */
		69353FD1154C6C1F005C7FBE /* Foundation.framework in Frameworks */ = {isa = PBXBuildFile; fileRef = 69353FD0154C6C1F005C7FBE /* Foundation.framework */; };
		69353FD4154C6C1F005C7FBE /* main.m in Sources */ = {isa = PBXBuildFile; fileRef = 69353FD3154C6C1F005C7FBE /* main.m */; };
		69353FD8154C6C1F005C7FBE /* ProjectEuler015.1 in CopyFiles */ = {isa = PBXBuildFile; fileRef = 69353FD7154C6C1F005C7FBE /* ProjectEuler015.1 */; };
/* End PBXBuildFile section */

/* Begin PBXCopyFilesBuildPhase section */
		69353FCA154C6C1F005C7FBE /* CopyFiles */ = {
			isa = PBXCopyFilesBuildPhase;
			buildActionMask = 2147483647;
			dstPath = /usr/share/man/man1/;
			dstSubfolderSpec = 0;
			files = (
				69353FD8154C6C1F005C7FBE /* ProjectEuler015.1 in CopyFiles */,
			);
			runOnlyForDeploymentPostprocessing = 1;
		};
/* End PBXCopyFilesBuildPhase section */

/* Begin PBXFileReference section */
		69353FCC154C6C1F005C7FBE /* ProjectEuler015 */ = {isa = PBXFileReference; explicitFileType = "compiled.mach-o.executable"; includeInIndex = 0; path = ProjectEuler015; sourceTree = BUILT_PRODUCTS_DIR; };
		69353FD0154C6C1F005C7FBE /* Foundation.framework */ = {isa = PBXFileReference; lastKnownFileType = wrapper.framework; name = Foundation.framework; path = System/Library/Frameworks/Foundation.framework; sourceTree = SDKROOT; };
		69353FD3154C6C1F005C7FBE /* main.m */ = {isa = PBXFileReference; lastKnownFileType = sourcecode.c.objc; path = main.m; sourceTree = "<group>"; };
		69353FD6154C6C1F005C7FBE /* ProjectEuler015-Prefix.pch */ = {isa = PBXFileReference; lastKnownFileType = sourcecode.c.h; path = "ProjectEuler015-Prefix.pch"; sourceTree = "<group>"; };
		69353FD7154C6C1F005C7FBE /* ProjectEuler015.1 */ = {isa = PBXFileReference; lastKnownFileType = text.man; path = ProjectEuler015.1; sourceTree = "<group>"; };
/* End PBXFileReference section */

/* Begin PBXFrameworksBuildPhase section */
		69353FC9154C6C1F005C7FBE /* Frameworks */ = {
			isa = PBXFrameworksBuildPhase;
			buildActionMask = 2147483647;
			files = (
				69353FD1154C6C1F005C7FBE /* Foundation.framework in Frameworks */,
			);
			runOnlyForDeploymentPostprocessing = 0;
		};
/* End PBXFrameworksBuildPhase section */

/* Begin PBXGroup section */
		69353FC1154C6C1F005C7FBE = {
			isa = PBXGroup;
			children = (
				69353FD2154C6C1F005C7FBE /* ProjectEuler015 */,
				69353FCF154C6C1F005C7FBE /* Frameworks */,
				69353FCD154C6C1F005C7FBE /* Products */,
			);
			sourceTree = "<group>";
		};
		69353FCD154C6C1F005C7FBE /* Products */ = {
			isa = PBXGroup;
			children = (
				69353FCC154C6C1F005C7FBE /* ProjectEuler015 */,
			);
			name = Products;
			sourceTree = "<group>";
		};
		69353FCF154C6C1F005C7FBE /* Frameworks */ = {
			isa = PBXGroup;
			children = (
				69353FD0154C6C1F005C7FBE /* Foundation.framework */,
			);
			name = Frameworks;
			sourceTree = "<group>";
		};
		69353FD2154C6C1F005C7FBE /* ProjectEuler015 */ = {
			isa = PBXGroup;
			children = (
				69353FD3154C6C1F005C7FBE /* main.m */,
				69353FD7154C6C1F005C7FBE /* ProjectEuler015.1 */,
				69353FD5154C6C1F005C7FBE /* Supporting Files */,
			);
			path = ProjectEuler015;
			sourceTree = "<group>";
		};
		69353FD5154C6C1F005C7FBE /* Supporting Files */ = {
			isa = PBXGroup;
			children = (
				69353FD6154C6C1F005C7FBE /* ProjectEuler015-Prefix.pch */,
			);
			name = "Supporting Files";
			sourceTree = "<group>";
		};
/* End PBXGroup section */

/* Begin PBXNativeTarget section */
		69353FCB154C6C1F005C7FBE /* ProjectEuler015 */ = {
			isa = PBXNativeTarget;
			buildConfigurationList = 69353FDB154C6C1F005C7FBE /* Build configuration list for PBXNativeTarget "ProjectEuler015" */;
			buildPhases = (
				69353FC8154C6C1F005C7FBE /* Sources */,
				69353FC9154C6C1F005C7FBE /* Frameworks */,
				69353FCA154C6C1F005C7FBE /* CopyFiles */,
			);
			buildRules = (
			);
			dependencies = (
			);
			name = ProjectEuler015;
			productName = ProjectEuler015;
			productReference = 69353FCC154C6C1F005C7FBE /* ProjectEuler015 */;
			productType = "com.apple.product-type.tool";
		};
/* End PBXNativeTarget section */

/* Begin PBXProject section */
		69353FC3154C6C1F005C7FBE /* Project object */ = {
			isa = PBXProject;
			attributes = {
				LastUpgradeCheck = 0420;
			};
			buildConfigurationList = 69353FC6154C6C1F005C7FBE /* Build configuration list for PBXProject "ProjectEuler015" */;
			compatibilityVersion = "Xcode 3.2";
			developmentRegion = English;
			hasScannedForEncodings = 0;
			knownRegions = (
				en,
			);
			mainGroup = 69353FC1154C6C1F005C7FBE;
			productRefGroup = 69353FCD154C6C1F005C7FBE /* Products */;
			projectDirPath = "";
			projectRoot = "";
			targets = (
				69353FCB154C6C1F005C7FBE /* ProjectEuler015 */,
			);
		};
/* End PBXProject section */

/* Begin PBXSourcesBuildPhase section */
		69353FC8154C6C1F005C7FBE /* Sources */ = {
			isa = PBXSourcesBuildPhase;
			buildActionMask = 2147483647;
			files = (
				69353FD4154C6C1F005C7FBE /* main.m in Sources */,
			);
			runOnlyForDeploymentPostprocessing = 0;
		};
/* End PBXSourcesBuildPhase section */

/* Begin XCBuildConfiguration section */
		69353FD9154C6C1F005C7FBE /* Debug */ = {
			isa = XCBuildConfiguration;
			buildSettings = {
				ALWAYS_SEARCH_USER_PATHS = NO;
				ARCHS = "$(ARCHS_STANDARD_64_BIT)";
				COPY_PHASE_STRIP = NO;
				GCC_C_LANGUAGE_STANDARD = gnu99;
				GCC_DYNAMIC_NO_PIC = NO;
				GCC_ENABLE_OBJC_EXCEPTIONS = YES;
				GCC_OPTIMIZATION_LEVEL = 0;
				GCC_PREPROCESSOR_DEFINITIONS = (
					"DEBUG=1",
					"$(inherited)",
				);
				GCC_SYMBOLS_PRIVATE_EXTERN = NO;
				GCC_VERSION = com.apple.compilers.llvm.clang.1_0;
				GCC_WARN_64_TO_32_BIT_CONVERSION = YES;
				GCC_WARN_ABOUT_MISSING_PROTOTYPES = YES;
				GCC_WARN_ABOUT_RETURN_TYPE = YES;
				GCC_WARN_UNUSED_VARIABLE = YES;
				MACOSX_DEPLOYMENT_TARGET = 10.7;
				ONLY_ACTIVE_ARCH = YES;
				SDKROOT = macosx;
			};
			name = Debug;
		};
		69353FDA154C6C1F005C7FBE /* Release */ = {
			isa = XCBuildConfiguration;
			buildSettings = {
				ALWAYS_SEARCH_USER_PATHS = NO;
				ARCHS = "$(ARCHS_STANDARD_64_BIT)";
				COPY_PHASE_STRIP = YES;
				DEBUG_INFORMATION_FORMAT = "dwarf-with-dsym";
				GCC_C_LANGUAGE_STANDARD = gnu99;
				GCC_ENABLE_OBJC_EXCEPTIONS = YES;
				GCC_VERSION = com.apple.compilers.llvm.clang.1_0;
				GCC_WARN_64_TO_32_BIT_CONVERSION = YES;
				GCC_WARN_ABOUT_MISSING_PROTOTYPES = YES;
				GCC_WARN_ABOUT_RETURN_TYPE = YES;
				GCC_WARN_UNUSED_VARIABLE = YES;
				MACOSX_DEPLOYMENT_TARGET = 10.7;
				SDKROOT = macosx;
			};
			name = Release;
		};
		69353FDC154C6C1F005C7FBE /* Debug */ = {
			isa = XCBuildConfiguration;
			buildSettings = {
				GCC_PRECOMPILE_PREFIX_HEADER = YES;
				GCC_PREFIX_HEADER = "ProjectEuler015/ProjectEuler015-Prefix.pch";
				PRODUCT_NAME = "$(TARGET_NAME)";
			};
			name = Debug;
		};
		69353FDD154C6C1F005C7FBE /* Release */ = {
			isa = XCBuildConfiguration;
			buildSettings = {
				GCC_PRECOMPILE_PREFIX_HEADER = YES;
				GCC_PREFIX_HEADER = "ProjectEuler015/ProjectEuler015-Prefix.pch";
				PRODUCT_NAME = "$(TARGET_NAME)";
			};
			name = Release;
		};
/* End XCBuildConfiguration section */

/* Begin XCConfigurationList section */
		69353FC6154C6C1F005C7FBE /* Build configuration list for PBXProject "ProjectEuler015" */ = {
			isa = XCConfigurationList;
			buildConfigurations = (
				69353FD9154C6C1F005C7FBE /* Debug */,
				69353FDA154C6C1F005C7FBE /* Release */,
			);
			defaultConfigurationIsVisible = 0;
			defaultConfigurationName = Release;
		};
		69353FDB154C6C1F005C7FBE /* Build configuration list for PBXNativeTarget "ProjectEuler015" */ = {
			isa = XCConfigurationList;
			buildConfigurations = (
				69353FDC154C6C1F005C7FBE /* Debug */,
				69353FDD154C6C1F005C7FBE /* Release */,
			);
			defaultConfigurationIsVisible = 0;
		};
/* End XCConfigurationList section */
	};
	rootObject = 69353FC3154C6C1F005C7FBE /* Project object */;
}
